
Microsoft Visual Studio Solution File, Format Version 12.00
# Visual Studio Version 17
VisualStudioVersion = 17.7.34009.444
MinimumVisualStudioVersion = 10.0.40219.1
Project("{FAE04EC0-301F-11D3-BF4B-00C04F79EFBC}") = "ideabuilder-status", "ideabuilder-status.csproj", "{ED16C2ED-FA3B-4FBB-8219-E260C709797C}"
EndProject
Global
	GlobalSection(SolutionConfigurationPlatforms) = preSolution
		Debug|Any CPU = Debug|Any CPU
		Release|Any CPU = Release|Any CPU
	EndGlobalSection
	GlobalSection(ProjectConfigurationPlatforms) = postSolution
		{ED16C2ED-FA3B-4FBB-8219-E260C709797C}.Debug|Any CPU.ActiveCfg = Debug|Any CPU
		{ED16C2ED-FA3B-4FBB-8219-E260C709797C}.Debug|Any CPU.Build.0 = Debug|Any CPU
		{ED16C2ED-FA3B-4FBB-8219-E260C709797C}.Release|Any CPU.ActiveCfg = Release|Any CPU
		{ED16C2ED-FA3B-4FBB-8219-E260C709797C}.Release|Any CPU.Build.0 = Release|Any CPU
	EndGlobalSection
	GlobalSection(SolutionProperties) = preSolution
		HideSolutionNode = FALSE
	EndGlobalSection
	GlobalSection(ExtensibilityGlobals) = postSolution
		SolutionGuid = {2BE907E4-67BE-4F0B-AEDC-5B0DA8A38DB7}
	EndGlobalSection
EndGlobal
